
Microsoft Visual Studio Solution File, Format Version 12.00
# Visual Studio 15
VisualStudioVersion = 15.0.28307.489
MinimumVisualStudioVersion = 10.0.40219.1
Project("{FAE04EC0-301F-11D3-BF4B-00C04F79EFBC}") = "LeagueDash", "LeagueDash\LeagueDash.csproj", "{A6544597-23C5-4FB2-B006-BAA3E42DCF40}"
EndProject
Global
	GlobalSection(SolutionConfigurationPlatforms) = preSolution
		Debug|Any CPU = Debug|Any CPU
		Release|Any CPU = Release|Any CPU
	EndGlobalSection
	GlobalSection(ProjectConfigurationPlatforms) = postSolution
		{A6544597-23C5-4FB2-B006-BAA3E42DCF40}.Debug|Any CPU.ActiveCfg = Debug|Any CPU
		{A6544597-23C5-4FB2-B006-BAA3E42DCF40}.Debug|Any CPU.Build.0 = Debug|Any CPU
		{A6544597-23C5-4FB2-B006-BAA3E42DCF40}.Release|Any CPU.ActiveCfg = Release|Any CPU
		{A6544597-23C5-4FB2-B006-BAA3E42DCF40}.Release|Any CPU.Build.0 = Release|Any CPU
	EndGlobalSection
	GlobalSection(SolutionProperties) = preSolution
		HideSolutionNode = FALSE
	EndGlobalSection
	GlobalSection(ExtensibilityGlobals) = postSolution
		SolutionGuid = {A7A42196-AC3B-4C92-9ED3-9CBBF6F9ABA8}
	EndGlobalSection
EndGlobal
